
Microsoft Visual Studio Solution File, Format Version 12.00
# Visual Studio Version 17
VisualStudioVersion = 17.3.32819.101
MinimumVisualStudioVersion = 10.0.40219.1
Project("{FAE04EC0-301F-11D3-BF4B-00C04F79EFBC}") = "NHLSystemClassLibrary", "NHLSystemClassLibrary\NHLSystemClassLibrary.csproj", "{526EE461-3DDE-4F23-914C-4C2A0802FDAF}"
EndProject
Global
	GlobalSection(SolutionConfigurationPlatforms) = preSolution
		Debug|Any CPU = Debug|Any CPU
		Release|Any CPU = Release|Any CPU
	EndGlobalSection
	GlobalSection(ProjectConfigurationPlatforms) = postSolution
		{526EE461-3DDE-4F23-914C-4C2A0802FDAF}.Debug|Any CPU.ActiveCfg = Debug|Any CPU
		{526EE461-3DDE-4F23-914C-4C2A0802FDAF}.Debug|Any CPU.Build.0 = Debug|Any CPU
		{526EE461-3DDE-4F23-914C-4C2A0802FDAF}.Release|Any CPU.ActiveCfg = Release|Any CPU
		{526EE461-3DDE-4F23-914C-4C2A0802FDAF}.Release|Any CPU.Build.0 = Release|Any CPU
	EndGlobalSection
	GlobalSection(SolutionProperties) = preSolution
		HideSolutionNode = FALSE
	EndGlobalSection
	GlobalSection(ExtensibilityGlobals) = postSolution
		SolutionGuid = {A4A24F45-1E54-415E-AB6E-FF0E9A46FB96}
	EndGlobalSection
EndGlobal
